
Microsoft Visual Studio Solution File, Format Version 12.00
# Visual Studio 15
VisualStudioVersion = 15.0.27004.2009
MinimumVisualStudioVersion = 10.0.40219.1
Project("{FAE04EC0-301F-11D3-BF4B-00C04F79EFBC}") = "lambda2", "lambda2\lambda2.csproj", "{CFDD0622-7B5F-4570-8B04-491580F9E78D}"
EndProject
Global
	GlobalSection(SolutionConfigurationPlatforms) = preSolution
		Debug|Any CPU = Debug|Any CPU
		Release|Any CPU = Release|Any CPU
	EndGlobalSection
	GlobalSection(ProjectConfigurationPlatforms) = postSolution
		{CFDD0622-7B5F-4570-8B04-491580F9E78D}.Debug|Any CPU.ActiveCfg = Debug|Any CPU
		{CFDD0622-7B5F-4570-8B04-491580F9E78D}.Debug|Any CPU.Build.0 = Debug|Any CPU
		{CFDD0622-7B5F-4570-8B04-491580F9E78D}.Release|Any CPU.ActiveCfg = Release|Any CPU
		{CFDD0622-7B5F-4570-8B04-491580F9E78D}.Release|Any CPU.Build.0 = Release|Any CPU
	EndGlobalSection
	GlobalSection(SolutionProperties) = preSolution
		HideSolutionNode = FALSE
	EndGlobalSection
	GlobalSection(ExtensibilityGlobals) = postSolution
		SolutionGuid = {FE33BEC5-64C6-45A4-8380-60AB28983D59}
	EndGlobalSection
EndGlobal
