
Microsoft Visual Studio Solution File, Format Version 12.00
# Visual Studio 15
VisualStudioVersion = 15.0.27004.2009
MinimumVisualStudioVersion = 10.0.40219.1
Project("{FAE04EC0-301F-11D3-BF4B-00C04F79EFBC}") = "lambda3", "lambda3\lambda3.csproj", "{4BD67500-9FD3-4186-BE82-2A1EFB5B59DF}"
EndProject
Global
	GlobalSection(SolutionConfigurationPlatforms) = preSolution
		Debug|Any CPU = Debug|Any CPU
		Release|Any CPU = Release|Any CPU
	EndGlobalSection
	GlobalSection(ProjectConfigurationPlatforms) = postSolution
		{4BD67500-9FD3-4186-BE82-2A1EFB5B59DF}.Debug|Any CPU.ActiveCfg = Debug|Any CPU
		{4BD67500-9FD3-4186-BE82-2A1EFB5B59DF}.Debug|Any CPU.Build.0 = Debug|Any CPU
		{4BD67500-9FD3-4186-BE82-2A1EFB5B59DF}.Release|Any CPU.ActiveCfg = Release|Any CPU
		{4BD67500-9FD3-4186-BE82-2A1EFB5B59DF}.Release|Any CPU.Build.0 = Release|Any CPU
	EndGlobalSection
	GlobalSection(SolutionProperties) = preSolution
		HideSolutionNode = FALSE
	EndGlobalSection
	GlobalSection(ExtensibilityGlobals) = postSolution
		SolutionGuid = {2D08E0C1-2728-43A0-BEDD-5C46D9A84E68}
	EndGlobalSection
EndGlobal
